// !$*UTF8*$!
{
	archiveVersion = 1;
	classes = {
	};
	objectVersion = 56;
	objects = {

/* Begin PBXBuildFile section */
		CEE3E3CC2B94978300255903 /* BALLAMIApp.swift in Sources */ = {isa = PBXBuildFile; fileRef = CEE3E3CB2B94978300255903 /* BALLAMIApp.swift */; };
		CEE3E3CE2B94978300255903 /* ContentView.swift in Sources */ = {isa = PBXBuildFile; fileRef = CEE3E3CD2B94978300255903 /* ContentView.swift */; };
		CEE3E3D02B94978500255903 /* Assets.xcassets in Resources */ = {isa = PBXBuildFile; fileRef = CEE3E3CF2B94978500255903 /* Assets.xcassets */; };
		CEE3E3D32B94978500255903 /* Preview Assets.xcassets in Resources */ = {isa = PBXBuildFile; fileRef = CEE3E3D22B94978500255903 /* Preview Assets.xcassets */; };
		CEE3E3DD2B94978600255903 /* BALLAMITests.swift in Sources */ = {isa = PBXBuildFile; fileRef = CEE3E3DC2B94978600255903 /* BALLAMITests.swift */; };
		CEE3E3E72B94978600255903 /* BALLAMIUITests.swift in Sources */ = {isa = PBXBuildFile; fileRef = CEE3E3E62B94978600255903 /* BALLAMIUITests.swift */; };
		CEE3E3E92B94978600255903 /* BALLAMIUITestsLaunchTests.swift in Sources */ = {isa = PBXBuildFile; fileRef = CEE3E3E82B94978600255903 /* BALLAMIUITestsLaunchTests.swift */; };
/* End PBXBuildFile section */

/* Begin PBXContainerItemProxy section */
		CEE3E3D92B94978600255903 /* PBXContainerItemProxy */ = {
			isa = PBXContainerItemProxy;
			containerPortal = CEE3E3C02B94978300255903 /* Project object */;
			proxyType = 1;
			remoteGlobalIDString = CEE3E3C72B94978300255903;
			remoteInfo = BALLAMI;
		};
		CEE3E3E32B94978600255903 /* PBXContainerItemProxy */ = {
			isa = PBXContainerItemProxy;
			containerPortal = CEE3E3C02B94978300255903 /* Project object */;
			proxyType = 1;
			remoteGlobalIDString = CEE3E3C72B94978300255903;
			remoteInfo = BALLAMI;
		};
/* End PBXContainerItemProxy section */

/* Begin PBXFileReference section */
		CEE3E3C82B94978300255903 /* BALLAMI.app */ = {isa = PBXFileReference; explicitFileType = wrapper.application; includeInIndex = 0; path = BALLAMI.app; sourceTree = BUILT_PRODUCTS_DIR; };
		CEE3E3CB2B94978300255903 /* BALLAMIApp.swift */ = {isa = PBXFileReference; lastKnownFileType = sourcecode.swift; path = BALLAMIApp.swift; sourceTree = "<group>"; };
		CEE3E3CD2B94978300255903 /* ContentView.swift */ = {isa = PBXFileReference; lastKnownFileType = sourcecode.swift; path = ContentView.swift; sourceTree = "<group>"; };
		CEE3E3CF2B94978500255903 /* Assets.xcassets */ = {isa = PBXFileReference; lastKnownFileType = folder.assetcatalog; path = Assets.xcassets; sourceTree = "<group>"; };
		CEE3E3D22B94978500255903 /* Preview Assets.xcassets */ = {isa = PBXFileReference; lastKnownFileType = folder.assetcatalog; path = "Preview Assets.xcassets"; sourceTree = "<group>"; };
		CEE3E3D82B94978600255903 /* BALLAMITests.xctest */ = {isa = PBXFileReference; explicitFileType = wrapper.cfbundle; includeInIndex = 0; path = BALLAMITests.xctest; sourceTree = BUILT_PRODUCTS_DIR; };
		CEE3E3DC2B94978600255903 /* BALLAMITests.swift */ = {isa = PBXFileReference; lastKnownFileType = sourcecode.swift; path = BALLAMITests.swift; sourceTree = "<group>"; };
		CEE3E3E22B94978600255903 /* BALLAMIUITests.xctest */ = {isa = PBXFileReference; explicitFileType = wrapper.cfbundle; includeInIndex = 0; path = BALLAMIUITests.xctest; sourceTree = BUILT_PRODUCTS_DIR; };
		CEE3E3E62B94978600255903 /* BALLAMIUITests.swift */ = {isa = PBXFileReference; lastKnownFileType = sourcecode.swift; path = BALLAMIUITests.swift; sourceTree = "<group>"; };
		CEE3E3E82B94978600255903 /* BALLAMIUITestsLaunchTests.swift */ = {isa = PBXFileReference; lastKnownFileType = sourcecode.swift; path = BALLAMIUITestsLaunchTests.swift; sourceTree = "<group>"; };
/* End PBXFileReference section */

/* Begin PBXFrameworksBuildPhase section */
		CEE3E3C52B94978300255903 /* Frameworks */ = {
			isa = PBXFrameworksBuildPhase;
			buildActionMask = 2147483647;
			files = (
			);
			runOnlyForDeploymentPostprocessing = 0;
		};
		CEE3E3D52B94978600255903 /* Frameworks */ = {
			isa = PBXFrameworksBuildPhase;
			buildActionMask = 2147483647;
			files = (
			);
			runOnlyForDeploymentPostprocessing = 0;
		};
		CEE3E3DF2B94978600255903 /* Frameworks */ = {
			isa = PBXFrameworksBuildPhase;
			buildActionMask = 2147483647;
			files = (
			);
			runOnlyForDeploymentPostprocessing = 0;
		};
/* End PBXFrameworksBuildPhase section */

/* Begin PBXGroup section */
		CEE3E3BF2B94978300255903 = {
			isa = PBXGroup;
			children = (
				CEE3E3CA2B94978300255903 /* BALLAMI */,
				CEE3E3DB2B94978600255903 /* BALLAMITests */,
				CEE3E3E52B94978600255903 /* BALLAMIUITests */,
				CEE3E3C92B94978300255903 /* Products */,
			);
			sourceTree = "<group>";
		};
		CEE3E3C92B94978300255903 /* Products */ = {
			isa = PBXGroup;
			children = (
				CEE3E3C82B94978300255903 /* BALLAMI.app */,
				CEE3E3D82B94978600255903 /* BALLAMITests.xctest */,
				CEE3E3E22B94978600255903 /* BALLAMIUITests.xctest */,
			);
			name = Products;
			sourceTree = "<group>";
		};
		CEE3E3CA2B94978300255903 /* BALLAMI */ = {
			isa = PBXGroup;
			children = (
				CEE3E3CB2B94978300255903 /* BALLAMIApp.swift */,
				CEE3E3CD2B94978300255903 /* ContentView.swift */,
				CEE3E3CF2B94978500255903 /* Assets.xcassets */,
				CEE3E3D12B94978500255903 /* Preview Content */,
			);
			path = BALLAMI;
			sourceTree = "<group>";
		};
		CEE3E3D12B94978500255903 /* Preview Content */ = {
			isa = PBXGroup;
			children = (
				CEE3E3D22B94978500255903 /* Preview Assets.xcassets */,
			);
			path = "Preview Content";
			sourceTree = "<group>";
		};
		CEE3E3DB2B94978600255903 /* BALLAMITests */ = {
			isa = PBXGroup;
			children = (
				CEE3E3DC2B94978600255903 /* BALLAMITests.swift */,
			);
			path = BALLAMITests;
			sourceTree = "<group>";
		};
		CEE3E3E52B94978600255903 /* BALLAMIUITests */ = {
			isa = PBXGroup;
			children = (
				CEE3E3E62B94978600255903 /* BALLAMIUITests.swift */,
				CEE3E3E82B94978600255903 /* BALLAMIUITestsLaunchTests.swift */,
			);
			path = BALLAMIUITests;
			sourceTree = "<group>";
		};
/* End PBXGroup section */

/* Begin PBXNativeTarget section */
		CEE3E3C72B94978300255903 /* BALLAMI */ = {
			isa = PBXNativeTarget;
			buildConfigurationList = CEE3E3EC2B94978600255903 /* Build configuration list for PBXNativeTarget "BALLAMI" */;
			buildPhases = (
				CEE3E3C42B94978300255903 /* Sources */,
				CEE3E3C52B94978300255903 /* Frameworks */,
				CEE3E3C62B94978300255903 /* Resources */,
			);
			buildRules = (
			);
			dependencies = (
			);
			name = BALLAMI;
			productName = BALLAMI;
			productReference = CEE3E3C82B94978300255903 /* BALLAMI.app */;
			productType = "com.apple.product-type.application";
		};
		CEE3E3D72B94978600255903 /* BALLAMITests */ = {
			isa = PBXNativeTarget;
			buildConfigurationList = CEE3E3EF2B94978600255903 /* Build configuration list for PBXNativeTarget "BALLAMITests" */;
			buildPhases = (
				CEE3E3D42B94978600255903 /* Sources */,
				CEE3E3D52B94978600255903 /* Frameworks */,
				CEE3E3D62B94978600255903 /* Resources */,
			);
			buildRules = (
			);
			dependencies = (
				CEE3E3DA2B94978600255903 /* PBXTargetDependency */,
			);
			name = BALLAMITests;
			productName = BALLAMITests;
			productReference = CEE3E3D82B94978600255903 /* BALLAMITests.xctest */;
			productType = "com.apple.product-type.bundle.unit-test";
		};
		CEE3E3E12B94978600255903 /* BALLAMIUITests */ = {
			isa = PBXNativeTarget;
			buildConfigurationList = CEE3E3F22B94978600255903 /* Build configuration list for PBXNativeTarget "BALLAMIUITests" */;
			buildPhases = (
				CEE3E3DE2B94978600255903 /* Sources */,
				CEE3E3DF2B94978600255903 /* Frameworks */,
				CEE3E3E02B94978600255903 /* Resources */,
			);
			buildRules = (
			);
			dependencies = (
				CEE3E3E42B94978600255903 /* PBXTargetDependency */,
			);
			name = BALLAMIUITests;
			productName = BALLAMIUITests;
			productReference = CEE3E3E22B94978600255903 /* BALLAMIUITests.xctest */;
			productType = "com.apple.product-type.bundle.ui-testing";
		};
/* End PBXNativeTarget section */

/* Begin PBXProject section */
		CEE3E3C02B94978300255903 /* Project object */ = {
			isa = PBXProject;
			attributes = {
				BuildIndependentTargetsInParallel = 1;
				LastSwiftUpdateCheck = 1430;
				LastUpgradeCheck = 1430;
				TargetAttributes = {
					CEE3E3C72B94978300255903 = {
						CreatedOnToolsVersion = 14.3.1;
					};
					CEE3E3D72B94978600255903 = {
						CreatedOnToolsVersion = 14.3.1;
						TestTargetID = CEE3E3C72B94978300255903;
					};
					CEE3E3E12B94978600255903 = {
						CreatedOnToolsVersion = 14.3.1;
						TestTargetID = CEE3E3C72B94978300255903;
					};
				};
			};
			buildConfigurationList = CEE3E3C32B94978300255903 /* Build configuration list for PBXProject "BALLAMI" */;
			compatibilityVersion = "Xcode 14.0";
			developmentRegion = en;
			hasScannedForEncodings = 0;
			knownRegions = (
				en,
				Base,
			);
			mainGroup = CEE3E3BF2B94978300255903;
			productRefGroup = CEE3E3C92B94978300255903 /* Products */;
			projectDirPath = "";
			projectRoot = "";
			targets = (
				CEE3E3C72B94978300255903 /* BALLAMI */,
				CEE3E3D72B94978600255903 /* BALLAMITests */,
				CEE3E3E12B94978600255903 /* BALLAMIUITests */,
			);
		};
/* End PBXProject section */

/* Begin PBXResourcesBuildPhase section */
		CEE3E3C62B94978300255903 /* Resources */ = {
			isa = PBXResourcesBuildPhase;
			buildActionMask = 2147483647;
			files = (
				CEE3E3D32B94978500255903 /* Preview Assets.xcassets in Resources */,
				CEE3E3D02B94978500255903 /* Assets.xcassets in Resources */,
			);
			runOnlyForDeploymentPostprocessing = 0;
		};
		CEE3E3D62B94978600255903 /* Resources */ = {
			isa = PBXResourcesBuildPhase;
			buildActionMask = 2147483647;
			files = (
			);
			runOnlyForDeploymentPostprocessing = 0;
		};
		CEE3E3E02B94978600255903 /* Resources */ = {
			isa = PBXResourcesBuildPhase;
			buildActionMask = 2147483647;
			files = (
			);
			runOnlyForDeploymentPostprocessing = 0;
		};
/* End PBXResourcesBuildPhase section */

/* Begin PBXSourcesBuildPhase section */
		CEE3E3C42B94978300255903 /* Sources */ = {
			isa = PBXSourcesBuildPhase;
			buildActionMask = 2147483647;
			files = (
				CEE3E3CE2B94978300255903 /* ContentView.swift in Sources */,
				CEE3E3CC2B94978300255903 /* BALLAMIApp.swift in Sources */,
			);
			runOnlyForDeploymentPostprocessing = 0;
		};
		CEE3E3D42B94978600255903 /* Sources */ = {
			isa = PBXSourcesBuildPhase;
			buildActionMask = 2147483647;
			files = (
				CEE3E3DD2B94978600255903 /* BALLAMITests.swift in Sources */,
			);
			runOnlyForDeploymentPostprocessing = 0;
		};
		CEE3E3DE2B94978600255903 /* Sources */ = {
			isa = PBXSourcesBuildPhase;
			buildActionMask = 2147483647;
			files = (
				CEE3E3E72B94978600255903 /* BALLAMIUITests.swift in Sources */,
				CEE3E3E92B94978600255903 /* BALLAMIUITestsLaunchTests.swift in Sources */,
			);
			runOnlyForDeploymentPostprocessing = 0;
		};
/* End PBXSourcesBuildPhase section */

/* Begin PBXTargetDependency section */
		CEE3E3DA2B94978600255903 /* PBXTargetDependency */ = {
			isa = PBXTargetDependency;
			target = CEE3E3C72B94978300255903 /* BALLAMI */;
			targetProxy = CEE3E3D92B94978600255903 /* PBXContainerItemProxy */;
		};
		CEE3E3E42B94978600255903 /* PBXTargetDependency */ = {
			isa = PBXTargetDependency;
			target = CEE3E3C72B94978300255903 /* BALLAMI */;
			targetProxy = CEE3E3E32B94978600255903 /* PBXContainerItemProxy */;
		};
/* End PBXTargetDependency section */

/* Begin XCBuildConfiguration section */
		CEE3E3EA2B94978600255903 /* Debug */ = {
			isa = XCBuildConfiguration;
			buildSettings = {
				ALWAYS_SEARCH_USER_PATHS = NO;
				CLANG_ANALYZER_NONNULL = YES;
				CLANG_ANALYZER_NUMBER_OBJECT_CONVERSION = YES_AGGRESSIVE;
				CLANG_CXX_LANGUAGE_STANDARD = "gnu++20";
				CLANG_ENABLE_MODULES = YES;
				CLANG_ENABLE_OBJC_ARC = YES;
				CLANG_ENABLE_OBJC_WEAK = YES;
				CLANG_WARN_BLOCK_CAPTURE_AUTORELEASING = YES;
				CLANG_WARN_BOOL_CONVERSION = YES;
				CLANG_WARN_COMMA = YES;
				CLANG_WARN_CONSTANT_CONVERSION = YES;
				CLANG_WARN_DEPRECATED_OBJC_IMPLEMENTATIONS = YES;
				CLANG_WARN_DIRECT_OBJC_ISA_USAGE = YES_ERROR;
				CLANG_WARN_DOCUMENTATION_COMMENTS = YES;
				CLANG_WARN_EMPTY_BODY = YES;
				CLANG_WARN_ENUM_CONVERSION = YES;
				CLANG_WARN_INFINITE_RECURSION = YES;
				CLANG_WARN_INT_CONVERSION = YES;
				CLANG_WARN_NON_LITERAL_NULL_CONVERSION = YES;
				CLANG_WARN_OBJC_IMPLICIT_RETAIN_SELF = YES;
				CLANG_WARN_OBJC_LITERAL_CONVERSION = YES;
				CLANG_WARN_OBJC_ROOT_CLASS = YES_ERROR;
				CLANG_WARN_QUOTED_INCLUDE_IN_FRAMEWORK_HEADER = YES;
				CLANG_WARN_RANGE_LOOP_ANALYSIS = YES;
				CLANG_WARN_STRICT_PROTOTYPES = YES;
				CLANG_WARN_SUSPICIOUS_MOVE = YES;
				CLANG_WARN_UNGUARDED_AVAILABILITY = YES_AGGRESSIVE;
				CLANG_WARN_UNREACHABLE_CODE = YES;
				CLANG_WARN__DUPLICATE_METHOD_MATCH = YES;
				COPY_PHASE_STRIP = NO;
				DEBUG_INFORMATION_FORMAT = dwarf;
				ENABLE_STRICT_OBJC_MSGSEND = YES;
				ENABLE_TESTABILITY = YES;
				GCC_C_LANGUAGE_STANDARD = gnu11;
				GCC_DYNAMIC_NO_PIC = NO;
				GCC_NO_COMMON_BLOCKS = YES;
				GCC_OPTIMIZATION_LEVEL = 0;
				GCC_PREPROCESSOR_DEFINITIONS = (
					"DEBUG=1",
					"$(inherited)",
				);
				GCC_WARN_64_TO_32_BIT_CONVERSION = YES;
				GCC_WARN_ABOUT_RETURN_TYPE = YES_ERROR;
				GCC_WARN_UNDECLARED_SELECTOR = YES;
				GCC_WARN_UNINITIALIZED_AUTOS = YES_AGGRESSIVE;
				GCC_WARN_UNUSED_FUNCTION = YES;
				GCC_WARN_UNUSED_VARIABLE = YES;
				IPHONEOS_DEPLOYMENT_TARGET = 16.4;
				MTL_ENABLE_DEBUG_INFO = INCLUDE_SOURCE;
				MTL_FAST_MATH = YES;
				ONLY_ACTIVE_ARCH = YES;
				SDKROOT = iphoneos;
				SWIFT_ACTIVE_COMPILATION_CONDITIONS = DEBUG;
				SWIFT_OPTIMIZATION_LEVEL = "-Onone";
			};
			name = Debug;
		};
		CEE3E3EB2B94978600255903 /* Release */ = {
			isa = XCBuildConfiguration;
			buildSettings = {
				ALWAYS_SEARCH_USER_PATHS = NO;
				CLANG_ANALYZER_NONNULL = YES;
				CLANG_ANALYZER_NUMBER_OBJECT_CONVERSION = YES_AGGRESSIVE;
				CLANG_CXX_LANGUAGE_STANDARD = "gnu++20";
				CLANG_ENABLE_MODULES = YES;
				CLANG_ENABLE_OBJC_ARC = YES;
				CLANG_ENABLE_OBJC_WEAK = YES;
				CLANG_WARN_BLOCK_CAPTURE_AUTORELEASING = YES;
				CLANG_WARN_BOOL_CONVERSION = YES;
				CLANG_WARN_COMMA = YES;
				CLANG_WARN_CONSTANT_CONVERSION = YES;
				CLANG_WARN_DEPRECATED_OBJC_IMPLEMENTATIONS = YES;
				CLANG_WARN_DIRECT_OBJC_ISA_USAGE = YES_ERROR;
				CLANG_WARN_DOCUMENTATION_COMMENTS = YES;
				CLANG_WARN_EMPTY_BODY = YES;
				CLANG_WARN_ENUM_CONVERSION = YES;
				CLANG_WARN_INFINITE_RECURSION = YES;
				CLANG_WARN_INT_CONVERSION = YES;
				CLANG_WARN_NON_LITERAL_NULL_CONVERSION = YES;
				CLANG_WARN_OBJC_IMPLICIT_RETAIN_SELF = YES;
				CLANG_WARN_OBJC_LITERAL_CONVERSION = YES;
				CLANG_WARN_OBJC_ROOT_CLASS = YES_ERROR;
				CLANG_WARN_QUOTED_INCLUDE_IN_FRAMEWORK_HEADER = YES;
				CLANG_WARN_RANGE_LOOP_ANALYSIS = YES;
				CLANG_WARN_STRICT_PROTOTYPES = YES;
				CLANG_WARN_SUSPICIOUS_MOVE = YES;
				CLANG_WARN_UNGUARDED_AVAILABILITY = YES_AGGRESSIVE;
				CLANG_WARN_UNREACHABLE_CODE = YES;
				CLANG_WARN__DUPLICATE_METHOD_MATCH = YES;
				COPY_PHASE_STRIP = NO;
				DEBUG_INFORMATION_FORMAT = "dwarf-with-dsym";
				ENABLE_NS_ASSERTIONS = NO;
				ENABLE_STRICT_OBJC_MSGSEND = YES;
				GCC_C_LANGUAGE_STANDARD = gnu11;
				GCC_NO_COMMON_BLOCKS = YES;
				GCC_WARN_64_TO_32_BIT_CONVERSION = YES;
				GCC_WARN_ABOUT_RETURN_TYPE = YES_ERROR;
				GCC_WARN_UNDECLARED_SELECTOR = YES;
				GCC_WARN_UNINITIALIZED_AUTOS = YES_AGGRESSIVE;
				GCC_WARN_UNUSED_FUNCTION = YES;
				GCC_WARN_UNUSED_VARIABLE = YES;
				IPHONEOS_DEPLOYMENT_TARGET = 16.4;
				MTL_ENABLE_DEBUG_INFO = NO;
				MTL_FAST_MATH = YES;
				SDKROOT = iphoneos;
				SWIFT_COMPILATION_MODE = wholemodule;
				SWIFT_OPTIMIZATION_LEVEL = "-O";
				VALIDATE_PRODUCT = YES;
			};
			name = Release;
		};
		CEE3E3ED2B94978600255903 /* Debug */ = {
			isa = XCBuildConfiguration;
			buildSettings = {
				ASSETCATALOG_COMPILER_APPICON_NAME = AppIcon;
				ASSETCATALOG_COMPILER_GLOBAL_ACCENT_COLOR_NAME = AccentColor;
				CODE_SIGN_STYLE = Automatic;
				CURRENT_PROJECT_VERSION = 1;
				DEVELOPMENT_ASSET_PATHS = "\"BALLAMI/Preview Content\"";
				ENABLE_PREVIEWS = YES;
				GENERATE_INFOPLIST_FILE = YES;
				INFOPLIST_KEY_UIApplicationSceneManifest_Generation = YES;
				INFOPLIST_KEY_UIApplicationSupportsIndirectInputEvents = YES;
				INFOPLIST_KEY_UILaunchScreen_Generation = YES;
				INFOPLIST_KEY_UISupportedInterfaceOrientations_iPad = "UIInterfaceOrientationPortrait UIInterfaceOrientationPortraitUpsideDown UIInterfaceOrientationLandscapeLeft UIInterfaceOrientationLandscapeRight";
				INFOPLIST_KEY_UISupportedInterfaceOrientations_iPhone = "UIInterfaceOrientationPortrait UIInterfaceOrientationLandscapeLeft UIInterfaceOrientationLandscapeRight";
				LD_RUNPATH_SEARCH_PATHS = (
					"$(inherited)",
					"@executable_path/Frameworks",
				);
				MARKETING_VERSION = 1.0;
				PRODUCT_BUNDLE_IDENTIFIER = bogdanaks.BALLAMI;
				PRODUCT_NAME = "$(TARGET_NAME)";
				SWIFT_EMIT_LOC_STRINGS = YES;
				SWIFT_VERSION = 5.0;
				TARGETED_DEVICE_FAMILY = "1,2";
			};
			name = Debug;
		};
		CEE3E3EE2B94978600255903 /* Release */ = {
			isa = XCBuildConfiguration;
			buildSettings = {
				ASSETCATALOG_COMPILER_APPICON_NAME = AppIcon;
				ASSETCATALOG_COMPILER_GLOBAL_ACCENT_COLOR_NAME = AccentColor;
				CODE_SIGN_STYLE = Automatic;
				CURRENT_PROJECT_VERSION = 1;
				DEVELOPMENT_ASSET_PATHS = "\"BALLAMI/Preview Content\"";
				ENABLE_PREVIEWS = YES;
				GENERATE_INFOPLIST_FILE = YES;
				INFOPLIST_KEY_UIApplicationSceneManifest_Generation = YES;
				INFOPLIST_KEY_UIApplicationSupportsIndirectInputEvents = YES;
				INFOPLIST_KEY_UILaunchScreen_Generation = YES;
				INFOPLIST_KEY_UISupportedInterfaceOrientations_iPad = "UIInterfaceOrientationPortrait UIInterfaceOrientationPortraitUpsideDown UIInterfaceOrientationLandscapeLeft UIInterfaceOrientationLandscapeRight";
				INFOPLIST_KEY_UISupportedInterfaceOrientations_iPhone = "UIInterfaceOrientationPortrait UIInterfaceOrientationLandscapeLeft UIInterfaceOrientationLandscapeRight";
				LD_RUNPATH_SEARCH_PATHS = (
					"$(inherited)",
					"@executable_path/Frameworks",
				);
				MARKETING_VERSION = 1.0;
				PRODUCT_BUNDLE_IDENTIFIER = bogdanaks.BALLAMI;
				PRODUCT_NAME = "$(TARGET_NAME)";
				SWIFT_EMIT_LOC_STRINGS = YES;
				SWIFT_VERSION = 5.0;
				TARGETED_DEVICE_FAMILY = "1,2";
			};
			name = Release;
		};
		CEE3E3F02B94978600255903 /* Debug */ = {
			isa = XCBuildConfiguration;
			buildSettings = {
				ALWAYS_EMBED_SWIFT_STANDARD_LIBRARIES = YES;
				BUNDLE_LOADER = "$(TEST_HOST)";
				CODE_SIGN_STYLE = Automatic;
				CURRENT_PROJECT_VERSION = 1;
				GENERATE_INFOPLIST_FILE = YES;
				IPHONEOS_DEPLOYMENT_TARGET = 16.4;
				MARKETING_VERSION = 1.0;
				PRODUCT_BUNDLE_IDENTIFIER = bogdanaks.BALLAMITests;
				PRODUCT_NAME = "$(TARGET_NAME)";
				SWIFT_EMIT_LOC_STRINGS = NO;
				SWIFT_VERSION = 5.0;
				TARGETED_DEVICE_FAMILY = "1,2";
				TEST_HOST = "$(BUILT_PRODUCTS_DIR)/BALLAMI.app/$(BUNDLE_EXECUTABLE_FOLDER_PATH)/BALLAMI";
			};
			name = Debug;
		};
		CEE3E3F12B94978600255903 /* Release */ = {
			isa = XCBuildConfiguration;
			buildSettings = {
				ALWAYS_EMBED_SWIFT_STANDARD_LIBRARIES = YES;
				BUNDLE_LOADER = "$(TEST_HOST)";
				CODE_SIGN_STYLE = Automatic;
				CURRENT_PROJECT_VERSION = 1;
				GENERATE_INFOPLIST_FILE = YES;
				IPHONEOS_DEPLOYMENT_TARGET = 16.4;
				MARKETING_VERSION = 1.0;
				PRODUCT_BUNDLE_IDENTIFIER = bogdanaks.BALLAMITests;
				PRODUCT_NAME = "$(TARGET_NAME)";
				SWIFT_EMIT_LOC_STRINGS = NO;
				SWIFT_VERSION = 5.0;
				TARGETED_DEVICE_FAMILY = "1,2";
				TEST_HOST = "$(BUILT_PRODUCTS_DIR)/BALLAMI.app/$(BUNDLE_EXECUTABLE_FOLDER_PATH)/BALLAMI";
			};
			name = Release;
		};
		CEE3E3F32B94978600255903 /* Debug */ = {
			isa = XCBuildConfiguration;
			buildSettings = {
				ALWAYS_EMBED_SWIFT_STANDARD_LIBRARIES = YES;
				CODE_SIGN_STYLE = Automatic;
				CURRENT_PROJECT_VERSION = 1;
				GENERATE_INFOPLIST_FILE = YES;
				MARKETING_VERSION = 1.0;
				PRODUCT_BUNDLE_IDENTIFIER = bogdanaks.BALLAMIUITests;
				PRODUCT_NAME = "$(TARGET_NAME)";
				SWIFT_EMIT_LOC_STRINGS = NO;
				SWIFT_VERSION = 5.0;
				TARGETED_DEVICE_FAMILY = "1,2";
				TEST_TARGET_NAME = BALLAMI;
			};
			name = Debug;
		};
		CEE3E3F42B94978600255903 /* Release */ = {
			isa = XCBuildConfiguration;
			buildSettings = {
				ALWAYS_EMBED_SWIFT_STANDARD_LIBRARIES = YES;
				CODE_SIGN_STYLE = Automatic;
				CURRENT_PROJECT_VERSION = 1;
				GENERATE_INFOPLIST_FILE = YES;
				MARKETING_VERSION = 1.0;
				PRODUCT_BUNDLE_IDENTIFIER = bogdanaks.BALLAMIUITests;
				PRODUCT_NAME = "$(TARGET_NAME)";
				SWIFT_EMIT_LOC_STRINGS = NO;
				SWIFT_VERSION = 5.0;
				TARGETED_DEVICE_FAMILY = "1,2";
				TEST_TARGET_NAME = BALLAMI;
			};
			name = Release;
		};
/* End XCBuildConfiguration section */

/* Begin XCConfigurationList section */
		CEE3E3C32B94978300255903 /* Build configuration list for PBXProject "BALLAMI" */ = {
			isa = XCConfigurationList;
			buildConfigurations = (
				CEE3E3EA2B94978600255903 /* Debug */,
				CEE3E3EB2B94978600255903 /* Release */,
			);
			defaultConfigurationIsVisible = 0;
			defaultConfigurationName = Release;
		};
		CEE3E3EC2B94978600255903 /* Build configuration list for PBXNativeTarget "BALLAMI" */ = {
			isa = XCConfigurationList;
			buildConfigurations = (
				CEE3E3ED2B94978600255903 /* Debug */,
				CEE3E3EE2B94978600255903 /* Release */,
			);
			defaultConfigurationIsVisible = 0;
			defaultConfigurationName = Release;
		};
		CEE3E3EF2B94978600255903 /* Build configuration list for PBXNativeTarget "BALLAMITests" */ = {
			isa = XCConfigurationList;
			buildConfigurations = (
				CEE3E3F02B94978600255903 /* Debug */,
				CEE3E3F12B94978600255903 /* Release */,
			);
			defaultConfigurationIsVisible = 0;
			defaultConfigurationName = Release;
		};
		CEE3E3F22B94978600255903 /* Build configuration list for PBXNativeTarget "BALLAMIUITests" */ = {
			isa = XCConfigurationList;
			buildConfigurations = (
				CEE3E3F32B94978600255903 /* Debug */,
				CEE3E3F42B94978600255903 /* Release */,
			);
			defaultConfigurationIsVisible = 0;
			defaultConfigurationName = Release;
		};
/* End XCConfigurationList section */
	};
	rootObject = CEE3E3C02B94978300255903 /* Project object */;
}
